
Microsoft Visual Studio Solution File, Format Version 11.00
# Visual Studio 2010
Project("{FAE04EC0-301F-11D3-BF4B-00C04F79EFBC}") = "GifToSpriteMap", "GifToSpriteMap\GifToSpriteMap.csproj", "{9BAD07E0-5581-4D5C-B00C-E358BAD472A6}"
EndProject
Global
	GlobalSection(SolutionConfigurationPlatforms) = preSolution
		Debug|Any CPU = Debug|Any CPU
		Release|Any CPU = Release|Any CPU
	EndGlobalSection
	GlobalSection(ProjectConfigurationPlatforms) = postSolution
		{9BAD07E0-5581-4D5C-B00C-E358BAD472A6}.Debug|Any CPU.ActiveCfg = Debug|Any CPU
		{9BAD07E0-5581-4D5C-B00C-E358BAD472A6}.Debug|Any CPU.Build.0 = Debug|Any CPU
		{9BAD07E0-5581-4D5C-B00C-E358BAD472A6}.Release|Any CPU.ActiveCfg = Release|Any CPU
		{9BAD07E0-5581-4D5C-B00C-E358BAD472A6}.Release|Any CPU.Build.0 = Release|Any CPU
	EndGlobalSection
	GlobalSection(SolutionProperties) = preSolution
		HideSolutionNode = FALSE
	EndGlobalSection
EndGlobal
